
Microsoft Visual Studio Solution File, Format Version 12.00
# Visual Studio Version 17
VisualStudioVersion = 17.1.32328.378
MinimumVisualStudioVersion = 10.0.40219.1
Project("{2150E333-8FDC-42A3-9474-1A3956D46DE8}") = "SOLID", "SOLID", "{C4DA3492-FFB1-4CB3-A07B-DA94CF5A925F}"
EndProject
Project("{8BC9CEB8-8B4A-11D0-8D11-00A0C91BC942}") = "SingleResponsibilityPrinciple", "SOLID\SingleResponsibilityPrinciple\SingleResponsibilityPrinciple.vcxproj", "{FABED47C-37FD-442F-A865-479DDABFE5A0}"
EndProject
Global
	GlobalSection(SolutionConfigurationPlatforms) = preSolution
		Debug|x64 = Debug|x64
		Debug|x86 = Debug|x86
		Release|x64 = Release|x64
		Release|x86 = Release|x86
	EndGlobalSection
	GlobalSection(ProjectConfigurationPlatforms) = postSolution
		{FABED47C-37FD-442F-A865-479DDABFE5A0}.Debug|x64.ActiveCfg = Debug|x64
		{FABED47C-37FD-442F-A865-479DDABFE5A0}.Debug|x64.Build.0 = Debug|x64
		{FABED47C-37FD-442F-A865-479DDABFE5A0}.Debug|x86.ActiveCfg = Debug|Win32
		{FABED47C-37FD-442F-A865-479DDABFE5A0}.Debug|x86.Build.0 = Debug|Win32
		{FABED47C-37FD-442F-A865-479DDABFE5A0}.Release|x64.ActiveCfg = Release|x64
		{FABED47C-37FD-442F-A865-479DDABFE5A0}.Release|x64.Build.0 = Release|x64
		{FABED47C-37FD-442F-A865-479DDABFE5A0}.Release|x86.ActiveCfg = Release|Win32
		{FABED47C-37FD-442F-A865-479DDABFE5A0}.Release|x86.Build.0 = Release|Win32
	EndGlobalSection
	GlobalSection(SolutionProperties) = preSolution
		HideSolutionNode = FALSE
	EndGlobalSection
	GlobalSection(NestedProjects) = preSolution
		{FABED47C-37FD-442F-A865-479DDABFE5A0} = {C4DA3492-FFB1-4CB3-A07B-DA94CF5A925F}
	EndGlobalSection
	GlobalSection(ExtensibilityGlobals) = postSolution
		SolutionGuid = {3D7C63C2-982F-4E4B-AD72-D0D0EDA6B7E4}
	EndGlobalSection
EndGlobal
